
Microsoft Visual Studio Solution File, Format Version 12.00
# Visual Studio Version 16
VisualStudioVersion = 16.0.31129.286
MinimumVisualStudioVersion = 10.0.40219.1
Project("{9A19103F-16F7-4668-BE54-9A1E7A4F7556}") = "VismaLibraryManagement", "VismaLibraryManagement\VismaLibraryManagement.csproj", "{33A0E75F-27BF-4538-ACFB-428C9011752D}"
EndProject
Project("{FAE04EC0-301F-11D3-BF4B-00C04F79EFBC}") = "VismaLibraryManagement.UnitTests", "VismaLibraryManagement.UnitTests\VismaLibraryManagement.UnitTests.csproj", "{19019AA6-6383-47EF-9647-C14F08D0F2FE}"
EndProject
Global
	GlobalSection(SolutionConfigurationPlatforms) = preSolution
		Debug|Any CPU = Debug|Any CPU
		Release|Any CPU = Release|Any CPU
	EndGlobalSection
	GlobalSection(ProjectConfigurationPlatforms) = postSolution
		{33A0E75F-27BF-4538-ACFB-428C9011752D}.Debug|Any CPU.ActiveCfg = Debug|Any CPU
		{33A0E75F-27BF-4538-ACFB-428C9011752D}.Debug|Any CPU.Build.0 = Debug|Any CPU
		{33A0E75F-27BF-4538-ACFB-428C9011752D}.Release|Any CPU.ActiveCfg = Release|Any CPU
		{33A0E75F-27BF-4538-ACFB-428C9011752D}.Release|Any CPU.Build.0 = Release|Any CPU
		{19019AA6-6383-47EF-9647-C14F08D0F2FE}.Debug|Any CPU.ActiveCfg = Debug|Any CPU
		{19019AA6-6383-47EF-9647-C14F08D0F2FE}.Debug|Any CPU.Build.0 = Debug|Any CPU
		{19019AA6-6383-47EF-9647-C14F08D0F2FE}.Release|Any CPU.ActiveCfg = Release|Any CPU
		{19019AA6-6383-47EF-9647-C14F08D0F2FE}.Release|Any CPU.Build.0 = Release|Any CPU
	EndGlobalSection
	GlobalSection(SolutionProperties) = preSolution
		HideSolutionNode = FALSE
	EndGlobalSection
	GlobalSection(ExtensibilityGlobals) = postSolution
		SolutionGuid = {4093D3E1-D06D-43F5-B7FB-BAFDBDA8AC01}
	EndGlobalSection
EndGlobal
